
Microsoft Visual Studio Solution File, Format Version 12.00
# Visual Studio Version 17
VisualStudioVersion = 17.14.36203.30 d17.14
MinimumVisualStudioVersion = 10.0.40219.1
Project("{FAE04EC0-301F-11D3-BF4B-00C04F79EFBC}") = "Time.Api", "Time.Api\Time.Api.csproj", "{CC039730-B55E-4976-B5C3-ED76746E5C23}"
EndProject
Global
	GlobalSection(SolutionConfigurationPlatforms) = preSolution
		Debug|Any CPU = Debug|Any CPU
		Release|Any CPU = Release|Any CPU
	EndGlobalSection
	GlobalSection(ProjectConfigurationPlatforms) = postSolution
		{CC039730-B55E-4976-B5C3-ED76746E5C23}.Debug|Any CPU.ActiveCfg = Debug|Any CPU
		{CC039730-B55E-4976-B5C3-ED76746E5C23}.Debug|Any CPU.Build.0 = Debug|Any CPU
		{CC039730-B55E-4976-B5C3-ED76746E5C23}.Release|Any CPU.ActiveCfg = Release|Any CPU
		{CC039730-B55E-4976-B5C3-ED76746E5C23}.Release|Any CPU.Build.0 = Release|Any CPU
	EndGlobalSection
	GlobalSection(SolutionProperties) = preSolution
		HideSolutionNode = FALSE
	EndGlobalSection
	GlobalSection(ExtensibilityGlobals) = postSolution
		SolutionGuid = {EC9F4213-FE62-42E2-B2EB-4A2B8C7FECEA}
	EndGlobalSection
EndGlobal
